
Microsoft Visual Studio Solution File, Format Version 12.00
# Visual Studio Version 17
VisualStudioVersion = 17.2.32630.192
MinimumVisualStudioVersion = 10.0.40219.1
Project("{2150E333-8FDC-42A3-9474-1A3956D46DE8}") = "src", "src", "{060457B8-5434-4DB2-BE83-0E0C66F40038}"
EndProject
Project("{2150E333-8FDC-42A3-9474-1A3956D46DE8}") = "demoProjects", "demoProjects", "{81F00494-B505-49DD-9BE1-A11B1176CD68}"
EndProject
Project("{2150E333-8FDC-42A3-9474-1A3956D46DE8}") = "corePackages", "corePackages", "{4BE1FEE7-0B61-4FAF-B35B-04B267413E6D}"
EndProject
Project("{9A19103F-16F7-4668-BE54-9A1E7A4F7556}") = "Core.Application", "src\corePackages\Core.Application\Core.Application.csproj", "{D3768416-3942-4E50-8A32-27D9BE277240}"
EndProject
Project("{9A19103F-16F7-4668-BE54-9A1E7A4F7556}") = "Core.CrossCuttingConcerns", "src\corePackages\Core.CrossCuttingConcerns\Core.CrossCuttingConcerns.csproj", "{D8E86C9F-6B82-4BFA-B3C0-A917FF24E402}"
EndProject
Project("{9A19103F-16F7-4668-BE54-9A1E7A4F7556}") = "Core.ElasticSearch", "src\corePackages\Core.ElasticSearch\Core.ElasticSearch.csproj", "{17B52454-498D-4BFD-9E55-73AD1C6AEDFF}"
EndProject
Project("{9A19103F-16F7-4668-BE54-9A1E7A4F7556}") = "Core.Mailing", "src\corePackages\Core.Mailing\Core.Mailing.csproj", "{A1109417-4F82-4989-8394-9A8293994698}"
EndProject
Project("{9A19103F-16F7-4668-BE54-9A1E7A4F7556}") = "Core.Security", "src\corePackages\Core.Security\Core.Security.csproj", "{668AE078-5F9F-4B5D-97F1-DDE3014E296E}"
EndProject
Project("{9A19103F-16F7-4668-BE54-9A1E7A4F7556}") = "Core.Persistence", "src\corePackages\Core.Persistence\Core.Persistence.csproj", "{793FD189-C2A6-479B-ABE8-E66744B122A8}"
EndProject
Project("{2150E333-8FDC-42A3-9474-1A3956D46DE8}") = "rentACar", "rentACar", "{5374AE98-D56C-4149-AFE0-2116F266ACAE}"
EndProject
Project("{FAE04EC0-301F-11D3-BF4B-00C04F79EFBC}") = "rentACar.Application", "src\demoProjects\rentACar\rentACar.Application\rentACar.Application.csproj", "{5481BFDF-EAF7-42DF-81D7-F00CA6840735}"
EndProject
Project("{FAE04EC0-301F-11D3-BF4B-00C04F79EFBC}") = "rentACar.Domain", "src\demoProjects\rentACar\rentACar.Domain\rentACar.Domain.csproj", "{F99FD477-0BBF-4517-97E9-6CBC3FDA5D03}"
EndProject
Project("{FAE04EC0-301F-11D3-BF4B-00C04F79EFBC}") = "rentACar.Infrastructure", "src\demoProjects\rentACar\rentACar.Infrastructure\rentACar.Infrastructure.csproj", "{DF4E24AA-062B-47A2-83C7-7BF1CDA11093}"
EndProject
Project("{FAE04EC0-301F-11D3-BF4B-00C04F79EFBC}") = "rentACar.Persistence", "src\demoProjects\rentACar\rentACar.Persistence\rentACar.Persistence.csproj", "{2F648812-DEB5-45C0-B07B-BDB45108CAD1}"
EndProject
Project("{FAE04EC0-301F-11D3-BF4B-00C04F79EFBC}") = "WebAPI", "src\demoProjects\rentACar\WebAPI\WebAPI.csproj", "{E237C25C-55BC-4090-AE51-8CF5CF14F6EA}"
EndProject
Global
	GlobalSection(SolutionConfigurationPlatforms) = preSolution
		Debug|Any CPU = Debug|Any CPU
		Release|Any CPU = Release|Any CPU
	EndGlobalSection
	GlobalSection(ProjectConfigurationPlatforms) = postSolution
		{D3768416-3942-4E50-8A32-27D9BE277240}.Debug|Any CPU.ActiveCfg = Debug|Any CPU
		{D3768416-3942-4E50-8A32-27D9BE277240}.Debug|Any CPU.Build.0 = Debug|Any CPU
		{D3768416-3942-4E50-8A32-27D9BE277240}.Release|Any CPU.ActiveCfg = Release|Any CPU
		{D3768416-3942-4E50-8A32-27D9BE277240}.Release|Any CPU.Build.0 = Release|Any CPU
		{D8E86C9F-6B82-4BFA-B3C0-A917FF24E402}.Debug|Any CPU.ActiveCfg = Debug|Any CPU
		{D8E86C9F-6B82-4BFA-B3C0-A917FF24E402}.Debug|Any CPU.Build.0 = Debug|Any CPU
		{D8E86C9F-6B82-4BFA-B3C0-A917FF24E402}.Release|Any CPU.ActiveCfg = Release|Any CPU
		{D8E86C9F-6B82-4BFA-B3C0-A917FF24E402}.Release|Any CPU.Build.0 = Release|Any CPU
		{17B52454-498D-4BFD-9E55-73AD1C6AEDFF}.Debug|Any CPU.ActiveCfg = Debug|Any CPU
		{17B52454-498D-4BFD-9E55-73AD1C6AEDFF}.Debug|Any CPU.Build.0 = Debug|Any CPU
		{17B52454-498D-4BFD-9E55-73AD1C6AEDFF}.Release|Any CPU.ActiveCfg = Release|Any CPU
		{17B52454-498D-4BFD-9E55-73AD1C6AEDFF}.Release|Any CPU.Build.0 = Release|Any CPU
		{A1109417-4F82-4989-8394-9A8293994698}.Debug|Any CPU.ActiveCfg = Debug|Any CPU
		{A1109417-4F82-4989-8394-9A8293994698}.Debug|Any CPU.Build.0 = Debug|Any CPU
		{A1109417-4F82-4989-8394-9A8293994698}.Release|Any CPU.ActiveCfg = Release|Any CPU
		{A1109417-4F82-4989-8394-9A8293994698}.Release|Any CPU.Build.0 = Release|Any CPU
		{668AE078-5F9F-4B5D-97F1-DDE3014E296E}.Debug|Any CPU.ActiveCfg = Debug|Any CPU
		{668AE078-5F9F-4B5D-97F1-DDE3014E296E}.Debug|Any CPU.Build.0 = Debug|Any CPU
		{668AE078-5F9F-4B5D-97F1-DDE3014E296E}.Release|Any CPU.ActiveCfg = Release|Any CPU
		{668AE078-5F9F-4B5D-97F1-DDE3014E296E}.Release|Any CPU.Build.0 = Release|Any CPU
		{793FD189-C2A6-479B-ABE8-E66744B122A8}.Debug|Any CPU.ActiveCfg = Debug|Any CPU
		{793FD189-C2A6-479B-ABE8-E66744B122A8}.Debug|Any CPU.Build.0 = Debug|Any CPU
		{793FD189-C2A6-479B-ABE8-E66744B122A8}.Release|Any CPU.ActiveCfg = Release|Any CPU
		{793FD189-C2A6-479B-ABE8-E66744B122A8}.Release|Any CPU.Build.0 = Release|Any CPU
		{5481BFDF-EAF7-42DF-81D7-F00CA6840735}.Debug|Any CPU.ActiveCfg = Debug|Any CPU
		{5481BFDF-EAF7-42DF-81D7-F00CA6840735}.Debug|Any CPU.Build.0 = Debug|Any CPU
		{5481BFDF-EAF7-42DF-81D7-F00CA6840735}.Release|Any CPU.ActiveCfg = Release|Any CPU
		{5481BFDF-EAF7-42DF-81D7-F00CA6840735}.Release|Any CPU.Build.0 = Release|Any CPU
		{F99FD477-0BBF-4517-97E9-6CBC3FDA5D03}.Debug|Any CPU.ActiveCfg = Debug|Any CPU
		{F99FD477-0BBF-4517-97E9-6CBC3FDA5D03}.Debug|Any CPU.Build.0 = Debug|Any CPU
		{F99FD477-0BBF-4517-97E9-6CBC3FDA5D03}.Release|Any CPU.ActiveCfg = Release|Any CPU
		{F99FD477-0BBF-4517-97E9-6CBC3FDA5D03}.Release|Any CPU.Build.0 = Release|Any CPU
		{DF4E24AA-062B-47A2-83C7-7BF1CDA11093}.Debug|Any CPU.ActiveCfg = Debug|Any CPU
		{DF4E24AA-062B-47A2-83C7-7BF1CDA11093}.Debug|Any CPU.Build.0 = Debug|Any CPU
		{DF4E24AA-062B-47A2-83C7-7BF1CDA11093}.Release|Any CPU.ActiveCfg = Release|Any CPU
		{DF4E24AA-062B-47A2-83C7-7BF1CDA11093}.Release|Any CPU.Build.0 = Release|Any CPU
		{2F648812-DEB5-45C0-B07B-BDB45108CAD1}.Debug|Any CPU.ActiveCfg = Debug|Any CPU
		{2F648812-DEB5-45C0-B07B-BDB45108CAD1}.Debug|Any CPU.Build.0 = Debug|Any CPU
		{2F648812-DEB5-45C0-B07B-BDB45108CAD1}.Release|Any CPU.ActiveCfg = Release|Any CPU
		{2F648812-DEB5-45C0-B07B-BDB45108CAD1}.Release|Any CPU.Build.0 = Release|Any CPU
		{E237C25C-55BC-4090-AE51-8CF5CF14F6EA}.Debug|Any CPU.ActiveCfg = Debug|Any CPU
		{E237C25C-55BC-4090-AE51-8CF5CF14F6EA}.Debug|Any CPU.Build.0 = Debug|Any CPU
		{E237C25C-55BC-4090-AE51-8CF5CF14F6EA}.Release|Any CPU.ActiveCfg = Release|Any CPU
		{E237C25C-55BC-4090-AE51-8CF5CF14F6EA}.Release|Any CPU.Build.0 = Release|Any CPU
	EndGlobalSection
	GlobalSection(SolutionProperties) = preSolution
		HideSolutionNode = FALSE
	EndGlobalSection
	GlobalSection(NestedProjects) = preSolution
		{81F00494-B505-49DD-9BE1-A11B1176CD68} = {060457B8-5434-4DB2-BE83-0E0C66F40038}
		{4BE1FEE7-0B61-4FAF-B35B-04B267413E6D} = {060457B8-5434-4DB2-BE83-0E0C66F40038}
		{D3768416-3942-4E50-8A32-27D9BE277240} = {4BE1FEE7-0B61-4FAF-B35B-04B267413E6D}
		{D8E86C9F-6B82-4BFA-B3C0-A917FF24E402} = {4BE1FEE7-0B61-4FAF-B35B-04B267413E6D}
		{17B52454-498D-4BFD-9E55-73AD1C6AEDFF} = {4BE1FEE7-0B61-4FAF-B35B-04B267413E6D}
		{A1109417-4F82-4989-8394-9A8293994698} = {4BE1FEE7-0B61-4FAF-B35B-04B267413E6D}
		{668AE078-5F9F-4B5D-97F1-DDE3014E296E} = {4BE1FEE7-0B61-4FAF-B35B-04B267413E6D}
		{793FD189-C2A6-479B-ABE8-E66744B122A8} = {4BE1FEE7-0B61-4FAF-B35B-04B267413E6D}
		{5374AE98-D56C-4149-AFE0-2116F266ACAE} = {81F00494-B505-49DD-9BE1-A11B1176CD68}
		{5481BFDF-EAF7-42DF-81D7-F00CA6840735} = {5374AE98-D56C-4149-AFE0-2116F266ACAE}
		{F99FD477-0BBF-4517-97E9-6CBC3FDA5D03} = {5374AE98-D56C-4149-AFE0-2116F266ACAE}
		{DF4E24AA-062B-47A2-83C7-7BF1CDA11093} = {5374AE98-D56C-4149-AFE0-2116F266ACAE}
		{2F648812-DEB5-45C0-B07B-BDB45108CAD1} = {5374AE98-D56C-4149-AFE0-2116F266ACAE}
		{E237C25C-55BC-4090-AE51-8CF5CF14F6EA} = {5374AE98-D56C-4149-AFE0-2116F266ACAE}
	EndGlobalSection
	GlobalSection(ExtensibilityGlobals) = postSolution
		SolutionGuid = {D32B2B3A-978D-4C51-8D95-3598385E65D8}
	EndGlobalSection
EndGlobal
